{
    "_meta": {
        "hash": {
            "sha256": "3a919e6acaa1fb8b18d420e7eae96e4e8ccaf10bf2ea87370e1cf1d8b7ae351f"
        },
        "pipfile-spec": 6,
        "requires": {
            "python_version": "3.12"
        },
        "sources": [
            {
                "name": "pypi",
                "url": "https://pypi.org/simple",
                "verify_ssl": true
            }
        ]
    },
    "default": {
        "schedule": {
            "hashes": [
                "sha256:15fe9c75fe5fd9b9627f3f19cc0ef1420508f9f9a46f45cd0769ef75ede5f0b7",
                "sha256:5bef4a2a0183abf44046ae0d164cadcac21b1db011bdd8102e4a0c1e91e06a7d"
            ],
            "index": "pypi",
            "markers": "python_version >= '3.7'",
            "version": "==1.2.2"
        }
    },
    "develop": {}
}
